
Microsoft Visual Studio Solution File, Format Version 12.00
# Visual Studio 15
VisualStudioVersion = 15.0.28307.421
MinimumVisualStudioVersion = 10.0.40219.1
Project("{FAE04EC0-301F-11D3-BF4B-00C04F79EFBC}") = "EnvOverrides", "EnvOverrides\EnvOverrides.csproj", "{93B28407-205B-470C-816E-EFF003ACE1E4}"
EndProject
Global
	GlobalSection(SolutionConfigurationPlatforms) = preSolution
		Debug|Any CPU = Debug|Any CPU
		Release|Any CPU = Release|Any CPU
	EndGlobalSection
	GlobalSection(ProjectConfigurationPlatforms) = postSolution
		{93B28407-205B-470C-816E-EFF003ACE1E4}.Debug|Any CPU.ActiveCfg = Debug|Any CPU
		{93B28407-205B-470C-816E-EFF003ACE1E4}.Debug|Any CPU.Build.0 = Debug|Any CPU
		{93B28407-205B-470C-816E-EFF003ACE1E4}.Release|Any CPU.ActiveCfg = Release|Any CPU
		{93B28407-205B-470C-816E-EFF003ACE1E4}.Release|Any CPU.Build.0 = Release|Any CPU
	EndGlobalSection
	GlobalSection(SolutionProperties) = preSolution
		HideSolutionNode = FALSE
	EndGlobalSection
	GlobalSection(ExtensibilityGlobals) = postSolution
		SolutionGuid = {621B4C2D-D320-430F-91A2-545022A69764}
	EndGlobalSection
EndGlobal
